{
  "name": "cssopt",
  "version": "0.1.0",
  "lockfileVersion": 2,
  "requires": true,
  "packages": {
    "": {
      "name": "cssopt",
      "version": "0.1.0",
      "license": "MIT",
      "dependencies": {
        "css": "^3.0.0",
        "hast-util-select": "^5.0.1",
        "hast-util-to-string": "^2.0.0",
        "unist-util-remove": "^3.1.0"
      },
      "devDependencies": {
        "@types/css": "^0.0.33",
        "typescript": "^4.5.2"
      }
    },
    "node_modules/@types/css": {
      "version": "0.0.33",
      "resolved": "https://registry.npmjs.org/@types/css/-/css-0.0.33.tgz",
      "integrity": "sha512-qjeDgh86R0LIeEM588q65yatc8Yyo/VvSIYFqq8JOIHDolhGNX0rz7k/OuxqDpnpqlefoHj8X4Ai/6hT9IWtKQ==",
      "dev": true
    },
    "node_modules/@types/hast": {
      "version": "2.3.4",
      "resolved": "https://registry.npmjs.org/@types/hast/-/hast-2.3.4.tgz",
      "integrity": "sha512-wLEm0QvaoawEDoTRwzTXp4b4jpwiJDvR5KMnFnVodm3scufTlBOWRD6N1OBf9TZMhjlNsSfcO5V+7AF4+Vy+9g==",
      "dependencies": {
        "@types/unist": "*"
      }
    },
    "node_modules/@types/unist": {
      "version": "2.0.6",
      "resolved": "https://registry.npmjs.org/@types/unist/-/unist-2.0.6.tgz",
      "integrity": "sha512-PBjIUxZHOuj0R15/xuwJYjFi+KZdNFrehocChv4g5hu6aFroHue8m0lBP0POdK2nKzbw0cgV1mws8+V/JAcEkQ=="
    },
    "node_modules/atob": {
      "version": "2.1.2",
      "resolved": "https://registry.npmjs.org/atob/-/atob-2.1.2.tgz",
      "integrity": "sha512-Wm6ukoaOGJi/73p/cl2GvLjTI5JM1k/O14isD73YML8StrH/7/lRFgmg8nICZgD3bZZvjwCGxtMOD3wWNAu8cg==",
      "bin": {
        "atob": "bin/atob.js"
      },
      "engines": {
        "node": ">= 4.5.0"
      }
    },
    "node_modules/bcp-47-match": {
      "version": "2.0.1",
      "resolved": "https://registry.npmjs.org/bcp-47-match/-/bcp-47-match-2.0.1.tgz",
      "integrity": "sha512-+8o7axFDN/h8xATDM87FhnU1eod87dX0eZz1+cW3gggcicBqrmkZc33KBPWoE49qt5Asi5OhcxSOMOzp3opTfg==",
      "funding": {
        "type": "github",
        "url": "https://github.com/sponsors/wooorm"
      }
    },
    "node_modules/boolbase": {
      "version": "1.0.0",
      "resolved": "https://registry.npmjs.org/boolbase/-/boolbase-1.0.0.tgz",
      "integrity": "sha1-aN/1++YMUes3cl6p4+0xDcwed24="
    },
    "node_modules/comma-separated-tokens": {
      "version": "2.0.2",
      "resolved": "https://registry.npmjs.org/comma-separated-tokens/-/comma-separated-tokens-2.0.2.tgz",
      "integrity": "sha512-G5yTt3KQN4Yn7Yk4ed73hlZ1evrFKXeUW3086p3PRFNp7m2vIjI6Pg+Kgb+oyzhd9F2qdcoj67+y3SdxL5XWsg==",
      "funding": {
        "type": "github",
        "url": "https://github.com/sponsors/wooorm"
      }
    },
    "node_modules/css": {
      "version": "3.0.0",
      "resolved": "https://registry.npmjs.org/css/-/css-3.0.0.tgz",
      "integrity": "sha512-DG9pFfwOrzc+hawpmqX/dHYHJG+Bsdb0klhyi1sDneOgGOXy9wQIC8hzyVp1e4NRYDBdxcylvywPkkXCHAzTyQ==",
      "dependencies": {
        "inherits": "^2.0.4",
        "source-map": "^0.6.1",
        "source-map-resolve": "^0.6.0"
      }
    },
    "node_modules/css-selector-parser": {
      "version": "1.4.1",
      "resolved": "https://registry.npmjs.org/css-selector-parser/-/css-selector-parser-1.4.1.tgz",
      "integrity": "sha512-HYPSb7y/Z7BNDCOrakL4raGO2zltZkbeXyAd6Tg9obzix6QhzxCotdBl6VT0Dv4vZfJGVz3WL/xaEI9Ly3ul0g=="
    },
    "node_modules/decode-uri-component": {
      "version": "0.2.0",
      "resolved": "https://registry.npmjs.org/decode-uri-component/-/decode-uri-component-0.2.0.tgz",
      "integrity": "sha1-6zkTMzRYd1y4TNGh+uBiEGu4dUU=",
      "engines": {
        "node": ">=0.10"
      }
    },
    "node_modules/direction": {
      "version": "2.0.1",
      "resolved": "https://registry.npmjs.org/direction/-/direction-2.0.1.tgz",
      "integrity": "sha512-9S6m9Sukh1cZNknO1CWAr2QAWsbKLafQiyM5gZ7VgXHeuaoUwffKN4q6NC4A/Mf9iiPlOXQEKW/Mv/mh9/3YFA==",
      "bin": {
        "direction": "cli.js"
      },
      "funding": {
        "type": "github",
        "url": "https://github.com/sponsors/wooorm"
      }
    },
    "node_modules/hast-util-has-property": {
      "version": "2.0.0",
      "resolved": "https://registry.npmjs.org/hast-util-has-property/-/hast-util-has-property-2.0.0.tgz",
      "integrity": "sha512-4Qf++8o5v14us4Muv3HRj+Er6wTNGA/N9uCaZMty4JWvyFKLdhULrv4KE1b65AthsSO9TXSZnjuxS8ecIyhb0w==",
      "funding": {
        "type": "opencollective",
        "url": "https://opencollective.com/unified"
      }
    },
    "node_modules/hast-util-is-element": {
      "version": "2.1.2",
      "resolved": "https://registry.npmjs.org/hast-util-is-element/-/hast-util-is-element-2.1.2.tgz",
      "integrity": "sha512-thjnlGAnwP8ef/GSO1Q8BfVk2gundnc2peGQqEg2kUt/IqesiGg/5mSwN2fE7nLzy61pg88NG6xV+UrGOrx9EA==",
      "dependencies": {
        "@types/hast": "^2.0.0",
        "@types/unist": "^2.0.0"
      },
      "funding": {
        "type": "opencollective",
        "url": "https://opencollective.com/unified"
      }
    },
    "node_modules/hast-util-select": {
      "version": "5.0.1",
      "resolved": "https://registry.npmjs.org/hast-util-select/-/hast-util-select-5.0.1.tgz",
      "integrity": "sha512-cxnImmR/tN/ipvbwGrKtEErmy83K1xWx8Bu7nImiwTOJ7X/fW1X6L1241ux+MYUXDwx8GxrE4LVmXRlEnbQsQA==",
      "dependencies": {
        "@types/hast": "^2.0.0",
        "@types/unist": "^2.0.0",
        "bcp-47-match": "^2.0.0",
        "comma-separated-tokens": "^2.0.0",
        "css-selector-parser": "^1.0.0",
        "direction": "^2.0.0",
        "hast-util-has-property": "^2.0.0",
        "hast-util-is-element": "^2.0.0",
        "hast-util-to-string": "^2.0.0",
        "hast-util-whitespace": "^2.0.0",
        "not": "^0.1.0",
        "nth-check": "^2.0.0",
        "property-information": "^6.0.0",
        "space-separated-tokens": "^2.0.0",
        "unist-util-visit": "^4.0.0",
        "zwitch": "^2.0.0"
      },
      "funding": {
        "type": "opencollective",
        "url": "https://opencollective.com/unified"
      }
    },
    "node_modules/hast-util-to-string": {
      "version": "2.0.0",
      "resolved": "https://registry.npmjs.org/hast-util-to-string/-/hast-util-to-string-2.0.0.tgz",
      "integrity": "sha512-02AQ3vLhuH3FisaMM+i/9sm4OXGSq1UhOOCpTLLQtHdL3tZt7qil69r8M8iDkZYyC0HCFylcYoP+8IO7ddta1A==",
      "dependencies": {
        "@types/hast": "^2.0.0"
      },
      "funding": {
        "type": "opencollective",
        "url": "https://opencollective.com/unified"
      }
    },
    "node_modules/hast-util-whitespace": {
      "version": "2.0.0",
      "resolved": "https://registry.npmjs.org/hast-util-whitespace/-/hast-util-whitespace-2.0.0.tgz",
      "integrity": "sha512-Pkw+xBHuV6xFeJprJe2BBEoDV+AvQySaz3pPDRUs5PNZEMQjpXJJueqrpcHIXxnWTcAGi/UOCgVShlkY6kLoqg==",
      "funding": {
        "type": "opencollective",
        "url": "https://opencollective.com/unified"
      }
    },
    "node_modules/inherits": {
      "version": "2.0.4",
      "resolved": "https://registry.npmjs.org/inherits/-/inherits-2.0.4.tgz",
      "integrity": "sha512-k/vGaX4/Yla3WzyMCvTQOXYeIHvqOKtnqBduzTHpzpQZzAskKMhZ2K+EnBiSM9zGSoIFeMpXKxa4dYeZIQqewQ=="
    },
    "node_modules/not": {
      "version": "0.1.0",
      "resolved": "https://registry.npmjs.org/not/-/not-0.1.0.tgz",
      "integrity": "sha1-yWkcF0bFXc++VMvYvU/wQbwrUZ0="
    },
    "node_modules/nth-check": {
      "version": "2.0.1",
      "resolved": "https://registry.npmjs.org/nth-check/-/nth-check-2.0.1.tgz",
      "integrity": "sha512-it1vE95zF6dTT9lBsYbxvqh0Soy4SPowchj0UBGj/V6cTPnXXtQOPUbhZ6CmGzAD/rW22LQK6E96pcdJXk4A4w==",
      "dependencies": {
        "boolbase": "^1.0.0"
      },
      "funding": {
        "url": "https://github.com/fb55/nth-check?sponsor=1"
      }
    },
    "node_modules/property-information": {
      "version": "6.1.1",
      "resolved": "https://registry.npmjs.org/property-information/-/property-information-6.1.1.tgz",
      "integrity": "sha512-hrzC564QIl0r0vy4l6MvRLhafmUowhO/O3KgVSoXIbbA2Sz4j8HGpJc6T2cubRVwMwpdiG/vKGfhT4IixmKN9w==",
      "funding": {
        "type": "github",
        "url": "https://github.com/sponsors/wooorm"
      }
    },
    "node_modules/source-map": {
      "version": "0.6.1",
      "resolved": "https://registry.npmjs.org/source-map/-/source-map-0.6.1.tgz",
      "integrity": "sha512-UjgapumWlbMhkBgzT7Ykc5YXUT46F0iKu8SGXq0bcwP5dz/h0Plj6enJqjz1Zbq2l5WaqYnrVbwWOWMyF3F47g==",
      "engines": {
        "node": ">=0.10.0"
      }
    },
    "node_modules/source-map-resolve": {
      "version": "0.6.0",
      "resolved": "https://registry.npmjs.org/source-map-resolve/-/source-map-resolve-0.6.0.tgz",
      "integrity": "sha512-KXBr9d/fO/bWo97NXsPIAW1bFSBOuCnjbNTBMO7N59hsv5i9yzRDfcYwwt0l04+VqnKC+EwzvJZIP/qkuMgR/w==",
      "dependencies": {
        "atob": "^2.1.2",
        "decode-uri-component": "^0.2.0"
      }
    },
    "node_modules/space-separated-tokens": {
      "version": "2.0.1",
      "resolved": "https://registry.npmjs.org/space-separated-tokens/-/space-separated-tokens-2.0.1.tgz",
      "integrity": "sha512-ekwEbFp5aqSPKaqeY1PGrlGQxPNaq+Cnx4+bE2D8sciBQrHpbwoBbawqTN2+6jPs9IdWxxiUcN0K2pkczD3zmw==",
      "funding": {
        "type": "github",
        "url": "https://github.com/sponsors/wooorm"
      }
    },
    "node_modules/typescript": {
      "version": "4.5.2",
      "resolved": "https://registry.npmjs.org/typescript/-/typescript-4.5.2.tgz",
      "integrity": "sha512-5BlMof9H1yGt0P8/WF+wPNw6GfctgGjXp5hkblpyT+8rkASSmkUKMXrxR0Xg8ThVCi/JnHQiKXeBaEwCeQwMFw==",
      "dev": true,
      "bin": {
        "tsc": "bin/tsc",
        "tsserver": "bin/tsserver"
      },
      "engines": {
        "node": ">=4.2.0"
      }
    },
    "node_modules/unist-util-is": {
      "version": "5.1.1",
      "resolved": "https://registry.npmjs.org/unist-util-is/-/unist-util-is-5.1.1.tgz",
      "integrity": "sha512-F5CZ68eYzuSvJjGhCLPL3cYx45IxkqXSetCcRgUXtbcm50X2L9oOWQlfUfDdAf+6Pd27YDblBfdtmsThXmwpbQ==",
      "funding": {
        "type": "opencollective",
        "url": "https://opencollective.com/unified"
      }
    },
    "node_modules/unist-util-remove": {
      "version": "3.1.0",
      "resolved": "https://registry.npmjs.org/unist-util-remove/-/unist-util-remove-3.1.0.tgz",
      "integrity": "sha512-rO/sIghl13eN8irs5OBN2a4RC10MsJdiePCfwrvnzGtgIbHcDXr2REr0qi9F2r/CIb1r9FyyFmcMRIGs+EyUFw==",
      "dependencies": {
        "@types/unist": "^2.0.0",
        "unist-util-is": "^5.0.0",
        "unist-util-visit-parents": "^5.0.0"
      },
      "funding": {
        "type": "opencollective",
        "url": "https://opencollective.com/unified"
      }
    },
    "node_modules/unist-util-visit": {
      "version": "4.1.0",
      "resolved": "https://registry.npmjs.org/unist-util-visit/-/unist-util-visit-4.1.0.tgz",
      "integrity": "sha512-n7lyhFKJfVZ9MnKtqbsqkQEk5P1KShj0+//V7mAcoI6bpbUjh3C/OG8HVD+pBihfh6Ovl01m8dkcv9HNqYajmQ==",
      "dependencies": {
        "@types/unist": "^2.0.0",
        "unist-util-is": "^5.0.0",
        "unist-util-visit-parents": "^5.0.0"
      },
      "funding": {
        "type": "opencollective",
        "url": "https://opencollective.com/unified"
      }
    },
    "node_modules/unist-util-visit-parents": {
      "version": "5.1.0",
      "resolved": "https://registry.npmjs.org/unist-util-visit-parents/-/unist-util-visit-parents-5.1.0.tgz",
      "integrity": "sha512-y+QVLcY5eR/YVpqDsLf/xh9R3Q2Y4HxkZTp7ViLDU6WtJCEcPmRzW1gpdWDCDIqIlhuPDXOgttqPlykrHYDekg==",
      "dependencies": {
        "@types/unist": "^2.0.0",
        "unist-util-is": "^5.0.0"
      },
      "funding": {
        "type": "opencollective",
        "url": "https://opencollective.com/unified"
      }
    },
    "node_modules/zwitch": {
      "version": "2.0.2",
      "resolved": "https://registry.npmjs.org/zwitch/-/zwitch-2.0.2.tgz",
      "integrity": "sha512-JZxotl7SxAJH0j7dN4pxsTV6ZLXoLdGME+PsjkL/DaBrVryK9kTGq06GfKrwcSOqypP+fdXGoCHE36b99fWVoA==",
      "funding": {
        "type": "github",
        "url": "https://github.com/sponsors/wooorm"
      }
    }
  },
  "dependencies": {
    "@types/css": {
      "version": "0.0.33",
      "resolved": "https://registry.npmjs.org/@types/css/-/css-0.0.33.tgz",
      "integrity": "sha512-qjeDgh86R0LIeEM588q65yatc8Yyo/VvSIYFqq8JOIHDolhGNX0rz7k/OuxqDpnpqlefoHj8X4Ai/6hT9IWtKQ==",
      "dev": true
    },
    "@types/hast": {
      "version": "2.3.4",
      "resolved": "https://registry.npmjs.org/@types/hast/-/hast-2.3.4.tgz",
      "integrity": "sha512-wLEm0QvaoawEDoTRwzTXp4b4jpwiJDvR5KMnFnVodm3scufTlBOWRD6N1OBf9TZMhjlNsSfcO5V+7AF4+Vy+9g==",
      "requires": {
        "@types/unist": "*"
      }
    },
    "@types/unist": {
      "version": "2.0.6",
      "resolved": "https://registry.npmjs.org/@types/unist/-/unist-2.0.6.tgz",
      "integrity": "sha512-PBjIUxZHOuj0R15/xuwJYjFi+KZdNFrehocChv4g5hu6aFroHue8m0lBP0POdK2nKzbw0cgV1mws8+V/JAcEkQ=="
    },
    "atob": {
      "version": "2.1.2",
      "resolved": "https://registry.npmjs.org/atob/-/atob-2.1.2.tgz",
      "integrity": "sha512-Wm6ukoaOGJi/73p/cl2GvLjTI5JM1k/O14isD73YML8StrH/7/lRFgmg8nICZgD3bZZvjwCGxtMOD3wWNAu8cg=="
    },
    "bcp-47-match": {
      "version": "2.0.1",
      "resolved": "https://registry.npmjs.org/bcp-47-match/-/bcp-47-match-2.0.1.tgz",
      "integrity": "sha512-+8o7axFDN/h8xATDM87FhnU1eod87dX0eZz1+cW3gggcicBqrmkZc33KBPWoE49qt5Asi5OhcxSOMOzp3opTfg=="
    },
    "boolbase": {
      "version": "1.0.0",
      "resolved": "https://registry.npmjs.org/boolbase/-/boolbase-1.0.0.tgz",
      "integrity": "sha1-aN/1++YMUes3cl6p4+0xDcwed24="
    },
    "comma-separated-tokens": {
      "version": "2.0.2",
      "resolved": "https://registry.npmjs.org/comma-separated-tokens/-/comma-separated-tokens-2.0.2.tgz",
      "integrity": "sha512-G5yTt3KQN4Yn7Yk4ed73hlZ1evrFKXeUW3086p3PRFNp7m2vIjI6Pg+Kgb+oyzhd9F2qdcoj67+y3SdxL5XWsg=="
    },
    "css": {
      "version": "3.0.0",
      "resolved": "https://registry.npmjs.org/css/-/css-3.0.0.tgz",
      "integrity": "sha512-DG9pFfwOrzc+hawpmqX/dHYHJG+Bsdb0klhyi1sDneOgGOXy9wQIC8hzyVp1e4NRYDBdxcylvywPkkXCHAzTyQ==",
      "requires": {
        "inherits": "^2.0.4",
        "source-map": "^0.6.1",
        "source-map-resolve": "^0.6.0"
      }
    },
    "css-selector-parser": {
      "version": "1.4.1",
      "resolved": "https://registry.npmjs.org/css-selector-parser/-/css-selector-parser-1.4.1.tgz",
      "integrity": "sha512-HYPSb7y/Z7BNDCOrakL4raGO2zltZkbeXyAd6Tg9obzix6QhzxCotdBl6VT0Dv4vZfJGVz3WL/xaEI9Ly3ul0g=="
    },
    "decode-uri-component": {
      "version": "0.2.0",
      "resolved": "https://registry.npmjs.org/decode-uri-component/-/decode-uri-component-0.2.0.tgz",
      "integrity": "sha1-6zkTMzRYd1y4TNGh+uBiEGu4dUU="
    },
    "direction": {
      "version": "2.0.1",
      "resolved": "https://registry.npmjs.org/direction/-/direction-2.0.1.tgz",
      "integrity": "sha512-9S6m9Sukh1cZNknO1CWAr2QAWsbKLafQiyM5gZ7VgXHeuaoUwffKN4q6NC4A/Mf9iiPlOXQEKW/Mv/mh9/3YFA=="
    },
    "hast-util-has-property": {
      "version": "2.0.0",
      "resolved": "https://registry.npmjs.org/hast-util-has-property/-/hast-util-has-property-2.0.0.tgz",
      "integrity": "sha512-4Qf++8o5v14us4Muv3HRj+Er6wTNGA/N9uCaZMty4JWvyFKLdhULrv4KE1b65AthsSO9TXSZnjuxS8ecIyhb0w=="
    },
    "hast-util-is-element": {
      "version": "2.1.2",
      "resolved": "https://registry.npmjs.org/hast-util-is-element/-/hast-util-is-element-2.1.2.tgz",
      "integrity": "sha512-thjnlGAnwP8ef/GSO1Q8BfVk2gundnc2peGQqEg2kUt/IqesiGg/5mSwN2fE7nLzy61pg88NG6xV+UrGOrx9EA==",
      "requires": {
        "@types/hast": "^2.0.0",
        "@types/unist": "^2.0.0"
      }
    },
    "hast-util-select": {
      "version": "5.0.1",
      "resolved": "https://registry.npmjs.org/hast-util-select/-/hast-util-select-5.0.1.tgz",
      "integrity": "sha512-cxnImmR/tN/ipvbwGrKtEErmy83K1xWx8Bu7nImiwTOJ7X/fW1X6L1241ux+MYUXDwx8GxrE4LVmXRlEnbQsQA==",
      "requires": {
        "@types/hast": "^2.0.0",
        "@types/unist": "^2.0.0",
        "bcp-47-match": "^2.0.0",
        "comma-separated-tokens": "^2.0.0",
        "css-selector-parser": "^1.0.0",
        "direction": "^2.0.0",
        "hast-util-has-property": "^2.0.0",
        "hast-util-is-element": "^2.0.0",
        "hast-util-to-string": "^2.0.0",
        "hast-util-whitespace": "^2.0.0",
        "not": "^0.1.0",
        "nth-check": "^2.0.0",
        "property-information": "^6.0.0",
        "space-separated-tokens": "^2.0.0",
        "unist-util-visit": "^4.0.0",
        "zwitch": "^2.0.0"
      }
    },
    "hast-util-to-string": {
      "version": "2.0.0",
      "resolved": "https://registry.npmjs.org/hast-util-to-string/-/hast-util-to-string-2.0.0.tgz",
      "integrity": "sha512-02AQ3vLhuH3FisaMM+i/9sm4OXGSq1UhOOCpTLLQtHdL3tZt7qil69r8M8iDkZYyC0HCFylcYoP+8IO7ddta1A==",
      "requires": {
        "@types/hast": "^2.0.0"
      }
    },
    "hast-util-whitespace": {
      "version": "2.0.0",
      "resolved": "https://registry.npmjs.org/hast-util-whitespace/-/hast-util-whitespace-2.0.0.tgz",
      "integrity": "sha512-Pkw+xBHuV6xFeJprJe2BBEoDV+AvQySaz3pPDRUs5PNZEMQjpXJJueqrpcHIXxnWTcAGi/UOCgVShlkY6kLoqg=="
    },
    "inherits": {
      "version": "2.0.4",
      "resolved": "https://registry.npmjs.org/inherits/-/inherits-2.0.4.tgz",
      "integrity": "sha512-k/vGaX4/Yla3WzyMCvTQOXYeIHvqOKtnqBduzTHpzpQZzAskKMhZ2K+EnBiSM9zGSoIFeMpXKxa4dYeZIQqewQ=="
    },
    "not": {
      "version": "0.1.0",
      "resolved": "https://registry.npmjs.org/not/-/not-0.1.0.tgz",
      "integrity": "sha1-yWkcF0bFXc++VMvYvU/wQbwrUZ0="
    },
    "nth-check": {
      "version": "2.0.1",
      "resolved": "https://registry.npmjs.org/nth-check/-/nth-check-2.0.1.tgz",
      "integrity": "sha512-it1vE95zF6dTT9lBsYbxvqh0Soy4SPowchj0UBGj/V6cTPnXXtQOPUbhZ6CmGzAD/rW22LQK6E96pcdJXk4A4w==",
      "requires": {
        "boolbase": "^1.0.0"
      }
    },
    "property-information": {
      "version": "6.1.1",
      "resolved": "https://registry.npmjs.org/property-information/-/property-information-6.1.1.tgz",
      "integrity": "sha512-hrzC564QIl0r0vy4l6MvRLhafmUowhO/O3KgVSoXIbbA2Sz4j8HGpJc6T2cubRVwMwpdiG/vKGfhT4IixmKN9w=="
    },
    "source-map": {
      "version": "0.6.1",
      "resolved": "https://registry.npmjs.org/source-map/-/source-map-0.6.1.tgz",
      "integrity": "sha512-UjgapumWlbMhkBgzT7Ykc5YXUT46F0iKu8SGXq0bcwP5dz/h0Plj6enJqjz1Zbq2l5WaqYnrVbwWOWMyF3F47g=="
    },
    "source-map-resolve": {
      "version": "0.6.0",
      "resolved": "https://registry.npmjs.org/source-map-resolve/-/source-map-resolve-0.6.0.tgz",
      "integrity": "sha512-KXBr9d/fO/bWo97NXsPIAW1bFSBOuCnjbNTBMO7N59hsv5i9yzRDfcYwwt0l04+VqnKC+EwzvJZIP/qkuMgR/w==",
      "requires": {
        "atob": "^2.1.2",
        "decode-uri-component": "^0.2.0"
      }
    },
    "space-separated-tokens": {
      "version": "2.0.1",
      "resolved": "https://registry.npmjs.org/space-separated-tokens/-/space-separated-tokens-2.0.1.tgz",
      "integrity": "sha512-ekwEbFp5aqSPKaqeY1PGrlGQxPNaq+Cnx4+bE2D8sciBQrHpbwoBbawqTN2+6jPs9IdWxxiUcN0K2pkczD3zmw=="
    },
    "typescript": {
      "version": "4.5.2",
      "resolved": "https://registry.npmjs.org/typescript/-/typescript-4.5.2.tgz",
      "integrity": "sha512-5BlMof9H1yGt0P8/WF+wPNw6GfctgGjXp5hkblpyT+8rkASSmkUKMXrxR0Xg8ThVCi/JnHQiKXeBaEwCeQwMFw==",
      "dev": true
    },
    "unist-util-is": {
      "version": "5.1.1",
      "resolved": "https://registry.npmjs.org/unist-util-is/-/unist-util-is-5.1.1.tgz",
      "integrity": "sha512-F5CZ68eYzuSvJjGhCLPL3cYx45IxkqXSetCcRgUXtbcm50X2L9oOWQlfUfDdAf+6Pd27YDblBfdtmsThXmwpbQ=="
    },
    "unist-util-remove": {
      "version": "3.1.0",
      "resolved": "https://registry.npmjs.org/unist-util-remove/-/unist-util-remove-3.1.0.tgz",
      "integrity": "sha512-rO/sIghl13eN8irs5OBN2a4RC10MsJdiePCfwrvnzGtgIbHcDXr2REr0qi9F2r/CIb1r9FyyFmcMRIGs+EyUFw==",
      "requires": {
        "@types/unist": "^2.0.0",
        "unist-util-is": "^5.0.0",
        "unist-util-visit-parents": "^5.0.0"
      }
    },
    "unist-util-visit": {
      "version": "4.1.0",
      "resolved": "https://registry.npmjs.org/unist-util-visit/-/unist-util-visit-4.1.0.tgz",
      "integrity": "sha512-n7lyhFKJfVZ9MnKtqbsqkQEk5P1KShj0+//V7mAcoI6bpbUjh3C/OG8HVD+pBihfh6Ovl01m8dkcv9HNqYajmQ==",
      "requires": {
        "@types/unist": "^2.0.0",
        "unist-util-is": "^5.0.0",
        "unist-util-visit-parents": "^5.0.0"
      }
    },
    "unist-util-visit-parents": {
      "version": "5.1.0",
      "resolved": "https://registry.npmjs.org/unist-util-visit-parents/-/unist-util-visit-parents-5.1.0.tgz",
      "integrity": "sha512-y+QVLcY5eR/YVpqDsLf/xh9R3Q2Y4HxkZTp7ViLDU6WtJCEcPmRzW1gpdWDCDIqIlhuPDXOgttqPlykrHYDekg==",
      "requires": {
        "@types/unist": "^2.0.0",
        "unist-util-is": "^5.0.0"
      }
    },
    "zwitch": {
      "version": "2.0.2",
      "resolved": "https://registry.npmjs.org/zwitch/-/zwitch-2.0.2.tgz",
      "integrity": "sha512-JZxotl7SxAJH0j7dN4pxsTV6ZLXoLdGME+PsjkL/DaBrVryK9kTGq06GfKrwcSOqypP+fdXGoCHE36b99fWVoA=="
    }
  }
}
